# THIS IS AN AUTOGENERATED FILE. DO NOT EDIT THIS FILE DIRECTLY.
# yarn lockfile v1


"@sindresorhus/is@^1.0.0":
  version "1.2.0"
  resolved "https://registry.yarnpkg.com/@sindresorhus/is/-/is-1.2.0.tgz#63ce3638cb85231f3704164c90a18ef816da3fb7"
  integrity sha512-mwhXGkRV5dlvQc4EgPDxDxO6WuMBVymGFd1CA+2Y+z5dG9MNspoQ+AWjl/Ld1MnpCL8AKbosZlDVohqcIwuWsw==

"@szmarczak/http-timer@^3.1.1":
  version "3.1.1"
  resolved "https://registry.yarnpkg.com/@szmarczak/http-timer/-/http-timer-3.1.1.tgz#8b876acd14a4f36ad274468910ee858241e356ad"
  integrity sha512-F7vS53bV9NXT+mmYFeSBr2nXaOI1h6qxdlLDVP+4CPG/c60MMStT7aaqYD2TSNWob1DA3GH9ikFY0UW31bUsWA==
  dependencies:
    defer-to-connect "^1.1.1"

"@types/cacheable-request@^6.0.1":
  version "6.0.1"
  resolved "https://registry.yarnpkg.com/@types/cacheable-request/-/cacheable-request-6.0.1.tgz#5d22f3dded1fd3a84c0bbeb5039a7419c2c91976"
  integrity sha512-ykFq2zmBGOCbpIXtoVbz4SKY5QriWPh3AjyU4G74RYbtt5yOc5OfaY75ftjg7mikMOla1CTGpX3lLbuJh8DTrQ==
  dependencies:
    "@types/http-cache-semantics" "*"
    "@types/keyv" "*"
    "@types/node" "*"
    "@types/responselike" "*"

"@types/http-cache-semantics@*":
  version "4.0.0"
  resolved "https://registry.yarnpkg.com/@types/http-cache-semantics/-/http-cache-semantics-4.0.0.tgz#9140779736aa2655635ee756e2467d787cfe8a2a"
  integrity sha512-c3Xy026kOF7QOTn00hbIllV1dLR9hG9NkSrLQgCVs8NF6sBU+VGWjD3wLPhmh1TYAc7ugCFsvHYMN4VcBN1U1A==

"@types/keyv@*":
  version "3.1.0"
  resolved "https://registry.yarnpkg.com/@types/keyv/-/keyv-3.1.0.tgz#1961f73b3bf1084c044f79a070b45a5bfa6578b9"
  integrity sha512-OxT2IEeRdwvoUyp8n1v1hTIFzATb3NQYN8OHv/XbXRHiF2DXwKyzoI4UUaQgwZkRflLaSgyttat+RfWgsKIMIQ==
  dependencies:
    "@types/node" "*"

"@types/node@*":
  version "12.12.17"
  resolved "https://registry.yarnpkg.com/@types/node/-/node-12.12.17.tgz#191b71e7f4c325ee0fb23bc4a996477d92b8c39b"
  integrity sha512-Is+l3mcHvs47sKy+afn2O1rV4ldZFU7W8101cNlOd+MRbjM4Onida8jSZnJdTe/0Pcf25g9BNIUsuugmE6puHA==

"@types/node@8.0.0":
  version "8.0.0"
  resolved "https://registry.yarnpkg.com/@types/node/-/node-8.0.0.tgz#acaa89247afddc7967e9902fd11761dadea1a555"
  integrity sha512-j2tekvJCO7j22cs+LO6i0kRPhmQ9MXaPZ55TzOc1lzkN5b6BWqq4AFjl04s1oRRQ1v5rSe+KEvnLUSTonuls/A==

"@types/responselike@*":
  version "1.0.0"
  resolved "https://registry.yarnpkg.com/@types/responselike/-/responselike-1.0.0.tgz#251f4fe7d154d2bad125abe1b429b23afd262e29"
  integrity sha512-85Y2BjiufFzaMIlvJDvTTB8Fxl2xfLo4HgmHzVBz08w4wDePCTjYw66PdrolO0kzli3yam/YCgRufyo1DdQVTA==
  dependencies:
    "@types/node" "*"

cacheable-lookup@^0.2.1:
  version "0.2.1"
  resolved "https://registry.yarnpkg.com/cacheable-lookup/-/cacheable-lookup-0.2.1.tgz#f474ae2c686667d7ea08c43409ad31b2b31b26c2"
  integrity sha512-BQ8MRjxJASEq2q+w0SusPU3B054gS278K8sj58QCLMZIso5qG05+MdCdmXxuyVlfvI8h4bPsNOavVUauVCGxrg==
  dependencies:
    keyv "^3.1.0"

cacheable-request@^7.0.0:
  version "7.0.0"
  resolved "https://registry.yarnpkg.com/cacheable-request/-/cacheable-request-7.0.0.tgz#12421aa084e943ec81eac8c93e56af90c624788a"
  integrity sha512-UVG4gMn3WjnAeFBBx7RFoprgOANIAkMwN5Dta6ONmfSwrCxfm0Ip7g0mIBxIRJZX9aDsoID0Ry3dU5Pr0csKKA==
  dependencies:
    clone-response "^1.0.2"
    get-stream "^5.1.0"
    http-cache-semantics "^4.0.0"
    keyv "^3.0.0"
    lowercase-keys "^2.0.0"
    normalize-url "^4.1.0"
    responselike "^2.0.0"

clone-response@^1.0.2:
  version "1.0.2"
  resolved "https://registry.yarnpkg.com/clone-response/-/clone-response-1.0.2.tgz#d1dc973920314df67fbeb94223b4ee350239e96b"
  integrity sha1-0dyXOSAxTfZ/vrlCI7TuNQI56Ws=
  dependencies:
    mimic-response "^1.0.0"

decompress-response@^5.0.0:
  version "5.0.0"
  resolved "https://registry.yarnpkg.com/decompress-response/-/decompress-response-5.0.0.tgz#7849396e80e3d1eba8cb2f75ef4930f76461cb0f"
  integrity sha512-TLZWWybuxWgoW7Lykv+gq9xvzOsUjQ9tF09Tj6NSTYGMTCHNXzrPnD6Hi+TgZq19PyTAGH4Ll/NIM/eTGglnMw==
  dependencies:
    mimic-response "^2.0.0"

defer-to-connect@^1.1.1:
  version "1.1.1"
  resolved "https://registry.yarnpkg.com/defer-to-connect/-/defer-to-connect-1.1.1.tgz#88ae694b93f67b81815a2c8c769aef6574ac8f2f"
  integrity sha512-J7thop4u3mRTkYRQ+Vpfwy2G5Ehoy82I14+14W4YMDLKdWloI9gSzRbV30s/NckQGVJtPkWNcW4oMAUigTdqiQ==

duplexer3@^0.1.4:
  version "0.1.4"
  resolved "https://registry.yarnpkg.com/duplexer3/-/duplexer3-0.1.4.tgz#ee01dd1cac0ed3cbc7fdbea37dc0a8f1ce002ce2"
  integrity sha1-7gHdHKwO08vH/b6jfcCo8c4ALOI=

end-of-stream@^1.1.0:
  version "1.4.4"
  resolved "https://registry.yarnpkg.com/end-of-stream/-/end-of-stream-1.4.4.tgz#5ae64a5f45057baf3626ec14da0ca5e4b2431eb0"
  integrity sha512-+uw1inIHVPQoaVuHzRyXd21icM+cnt4CzD5rW+NC1wjOUSTOs+Te7FOv7AhN7vS9x/oIyhLP5PR1H+phQAHu5Q==
  dependencies:
    once "^1.4.0"

get-stream@^5.0.0, get-stream@^5.1.0:
  version "5.1.0"
  resolved "https://registry.yarnpkg.com/get-stream/-/get-stream-5.1.0.tgz#01203cdc92597f9b909067c3e656cc1f4d3c4dc9"
  integrity sha512-EXr1FOzrzTfGeL0gQdeFEvOMm2mzMOglyiOXSTpPC+iAjAKftbr3jpCMWynogwYnM+eSj9sHGc6wjIcDvYiygw==
  dependencies:
    pump "^3.0.0"

got@^10.0.3:
  version "10.0.3"
  resolved "https://registry.yarnpkg.com/got/-/got-10.0.3.tgz#0bd93429fd2891de0026ed731a16143e6193e7ac"
  integrity sha512-5QBO/EhIq3nbt2madWsez9aTPc0k1oWBzXipfqLdb6JmnrWNxcHEvnxuWErec/PE67Jy/QAgacq6XzGbyzXCzg==
  dependencies:
    "@sindresorhus/is" "^1.0.0"
    "@szmarczak/http-timer" "^3.1.1"
    "@types/cacheable-request" "^6.0.1"
    cacheable-lookup "^0.2.1"
    cacheable-request "^7.0.0"
    decompress-response "^5.0.0"
    duplexer3 "^0.1.4"
    get-stream "^5.0.0"
    lowercase-keys "^2.0.0"
    mimic-response "^2.0.0"
    p-cancelable "^2.0.0"
    responselike "^2.0.0"
    to-readable-stream "^2.0.0"
    type-fest "^0.8.0"

http-cache-semantics@^4.0.0:
  version "4.0.3"
  resolved "https://registry.yarnpkg.com/http-cache-semantics/-/http-cache-semantics-4.0.3.tgz#495704773277eeef6e43f9ab2c2c7d259dda25c5"
  integrity sha512-TcIMG3qeVLgDr1TEd2XvHaTnMPwYQUQMIBLy+5pLSDKYFc7UIqj39w8EGzZkaxoLv/l2K8HaI0t5AVA+YYgUew==

json-buffer@3.0.0:
  version "3.0.0"
  resolved "https://registry.yarnpkg.com/json-buffer/-/json-buffer-3.0.0.tgz#5b1f397afc75d677bde8bcfc0e47e1f9a3d9a898"
  integrity sha1-Wx85evx11ne96Lz8Dkfh+aPZqJg=

keyv@^3.0.0, keyv@^3.1.0:
  version "3.1.0"
  resolved "https://registry.yarnpkg.com/keyv/-/keyv-3.1.0.tgz#ecc228486f69991e49e9476485a5be1e8fc5c4d9"
  integrity sha512-9ykJ/46SN/9KPM/sichzQ7OvXyGDYKGTaDlKMGCAlg2UK8KRy4jb0d8sFc+0Tt0YYnThq8X2RZgCg74RPxgcVA==
  dependencies:
    json-buffer "3.0.0"

kind-of@^6.0.2:
  version "6.0.2"
  resolved "https://registry.yarnpkg.com/kind-of/-/kind-of-6.0.2.tgz#01146b36a6218e64e58f3a8d66de5d7fc6f6d051"
  integrity sha512-s5kLOcnH0XqDO+FvuaLX8DDjZ18CGFk7VygH40QoKPUQhW4e2rvM0rwUq0t8IQDOwYSeLK01U90OjzBTme2QqA==

lowercase-keys@^2.0.0:
  version "2.0.0"
  resolved "https://registry.yarnpkg.com/lowercase-keys/-/lowercase-keys-2.0.0.tgz#2603e78b7b4b0006cbca2fbcc8a3202558ac9479"
  integrity sha512-tqNXrS78oMOE73NMxK4EMLQsQowWf8jKooH9g7xPavRT706R6bkQJ6DY2Te7QukaZsulxa30wQ7bk0pm4XiHmA==

mimic-response@^1.0.0:
  version "1.0.1"
  resolved "https://registry.yarnpkg.com/mimic-response/-/mimic-response-1.0.1.tgz#4923538878eef42063cb8a3e3b0798781487ab1b"
  integrity sha512-j5EctnkH7amfV/q5Hgmoal1g2QHFJRraOtmx0JpIqkxhBhI/lJSl1nMpQ45hVarwNETOoWEimndZ4QK0RHxuxQ==

mimic-response@^2.0.0:
  version "2.0.0"
  resolved "https://registry.yarnpkg.com/mimic-response/-/mimic-response-2.0.0.tgz#996a51c60adf12cb8a87d7fb8ef24c2f3d5ebb46"
  integrity sha512-8ilDoEapqA4uQ3TwS0jakGONKXVJqpy+RpM+3b7pLdOjghCrEiGp9SRkFbUHAmZW9vdnrENWHjaweIoTIJExSQ==

normalize-url@^4.1.0:
  version "4.5.0"
  resolved "https://registry.yarnpkg.com/normalize-url/-/normalize-url-4.5.0.tgz#453354087e6ca96957bd8f5baf753f5982142129"
  integrity sha512-2s47yzUxdexf1OhyRi4Em83iQk0aPvwTddtFz4hnSSw9dCEsLEGf6SwIO8ss/19S9iBb5sJaOuTvTGDeZI00BQ==

once@^1.3.1, once@^1.4.0:
  version "1.4.0"
  resolved "https://registry.yarnpkg.com/once/-/once-1.4.0.tgz#583b1aa775961d4b113ac17d9c50baef9dd76bd1"
  integrity sha1-WDsap3WWHUsROsF9nFC6753Xa9E=
  dependencies:
    wrappy "1"

p-cancelable@^2.0.0:
  version "2.0.0"
  resolved "https://registry.yarnpkg.com/p-cancelable/-/p-cancelable-2.0.0.tgz#4a3740f5bdaf5ed5d7c3e34882c6fb5d6b266a6e"
  integrity sha512-wvPXDmbMmu2ksjkB4Z3nZWTSkJEb9lqVdMaCKpZUGJG9TMiNp9XcbG3fn9fPKjem04fJMJnXoyFPk2FmgiaiNg==

pump@^3.0.0:
  version "3.0.0"
  resolved "https://registry.yarnpkg.com/pump/-/pump-3.0.0.tgz#b4a2116815bde2f4e1ea602354e8c75565107a64"
  integrity sha512-LwZy+p3SFs1Pytd/jYct4wpv49HiYCqd9Rlc5ZVdk0V+8Yzv6jR5Blk3TRmPL1ft69TxP0IMZGJ+WPFU2BFhww==
  dependencies:
    end-of-stream "^1.1.0"
    once "^1.3.1"

responselike@^2.0.0:
  version "2.0.0"
  resolved "https://registry.yarnpkg.com/responselike/-/responselike-2.0.0.tgz#26391bcc3174f750f9a79eacc40a12a5c42d7723"
  integrity sha512-xH48u3FTB9VsZw7R+vvgaKeLKzT6jOogbQhEe/jewwnZgzPcnyWui2Av6JpoYZF/91uueC+lqhWqeURw5/qhCw==
  dependencies:
    lowercase-keys "^2.0.0"

superstruct@^0.8.2:
  version "0.8.2"
  resolved "https://registry.yarnpkg.com/superstruct/-/superstruct-0.8.2.tgz#63d2937b0e24210535ad47d3fd67b474e99bff52"
  integrity sha512-UW9XORtsYoe/iTj/pkOjG/rKozFkFDUbgj6iPiItvfIn9IaqVnp+v1iKKenC4AY280u6IIMXAtw2DAwHwTfY4g==
  dependencies:
    kind-of "^6.0.2"
    tiny-invariant "^1.0.6"

tiny-invariant@^1.0.6:
  version "1.0.6"
  resolved "https://registry.yarnpkg.com/tiny-invariant/-/tiny-invariant-1.0.6.tgz#b3f9b38835e36a41c843a3b0907a5a7b3755de73"
  integrity sha512-FOyLWWVjG+aC0UqG76V53yAWdXfH8bO6FNmyZOuUrzDzK8DI3/JRY25UD7+g49JWM1LXwymsKERB+DzI0dTEQA==

to-readable-stream@^2.0.0:
  version "2.1.0"
  resolved "https://registry.yarnpkg.com/to-readable-stream/-/to-readable-stream-2.1.0.tgz#82880316121bea662cdc226adb30addb50cb06e8"
  integrity sha512-o3Qa6DGg1CEXshSdvWNX2sN4QHqg03SPq7U6jPXRahlQdl5dK8oXjkU/2/sGrnOZKeGV1zLSO8qPwyKklPPE7w==

type-fest@^0.8.0:
  version "0.8.1"
  resolved "https://registry.yarnpkg.com/type-fest/-/type-fest-0.8.1.tgz#09e249ebde851d3b1e48d27c105444667f17b83d"
  integrity sha512-4dbzIzqvjtgiM5rw1k5rEHtBANKmdudhGyBEajN01fEyhaAIhsoKNy6y7+IN93IfpFtwY9iqi7kD+xwKhQsNJA==

wrappy@1:
  version "1.0.2"
  resolved "https://registry.yarnpkg.com/wrappy/-/wrappy-1.0.2.tgz#b5243d8f3ec1aa35f1364605bc0d1036e30ab69f"
  integrity sha1-tSQ9jz7BqjXxNkYFvA0QNuMKtp8=
